
Microsoft Visual Studio Solution File, Format Version 12.00
# Visual Studio 15
VisualStudioVersion = 15.0.26730.10
MinimumVisualStudioVersion = 10.0.40219.1
Project("{FAE04EC0-301F-11D3-BF4B-00C04F79EFBC}") = "Prueba28", "Prueba28\Prueba28.csproj", "{E276889B-C615-4B88-A217-E1536DE67133}"
EndProject
Global
	GlobalSection(SolutionConfigurationPlatforms) = preSolution
		Debug|Any CPU = Debug|Any CPU
		Release|Any CPU = Release|Any CPU
	EndGlobalSection
	GlobalSection(ProjectConfigurationPlatforms) = postSolution
		{E276889B-C615-4B88-A217-E1536DE67133}.Debug|Any CPU.ActiveCfg = Debug|Any CPU
		{E276889B-C615-4B88-A217-E1536DE67133}.Debug|Any CPU.Build.0 = Debug|Any CPU
		{E276889B-C615-4B88-A217-E1536DE67133}.Release|Any CPU.ActiveCfg = Release|Any CPU
		{E276889B-C615-4B88-A217-E1536DE67133}.Release|Any CPU.Build.0 = Release|Any CPU
	EndGlobalSection
	GlobalSection(SolutionProperties) = preSolution
		HideSolutionNode = FALSE
	EndGlobalSection
	GlobalSection(ExtensibilityGlobals) = postSolution
		SolutionGuid = {D9C8E5EB-2B60-41A2-A37E-3C03B9CFCD40}
	EndGlobalSection
EndGlobal
